// !$*UTF8*$!
{
	archiveVersion = 1;
	classes = {
	};
	objectVersion = 46;
	objects = {

/* Begin PBXBuildFile section */
		235DC64B14EFB3C800D28657 /* CoreServices.framework in Frameworks */ = {isa = PBXBuildFile; fileRef = D78388521354890700E7937B /* CoreServices.framework */; };
		235DC64C14EFB3C800D28657 /* CoreFoundation.framework in Frameworks */ = {isa = PBXBuildFile; fileRef = D78388541354890700E7937B /* CoreFoundation.framework */; };
		235DC64E14EFB3C800D28657 /* CoreData.framework in Frameworks */ = {isa = PBXBuildFile; fileRef = 235DC64D14EFB3C800D28657 /* CoreData.framework */; };
		235DC65014EFB3C800D28657 /* Foundation.framework in Frameworks */ = {isa = PBXBuildFile; fileRef = 235DC64F14EFB3C800D28657 /* Foundation.framework */; };
		235DC65614EFB3C800D28657 /* InfoPlist.strings in Resources */ = {isa = PBXBuildFile; fileRef = 235DC65414EFB3C800D28657 /* InfoPlist.strings */; };
		235DC65814EFB3C800D28657 /* main.c in Sources */ = {isa = PBXBuildFile; fileRef = 235DC65714EFB3C800D28657 /* main.c */; };
		235DC65A14EFB3C800D28657 /* GetMetadataForFile.m in Sources */ = {isa = PBXBuildFile; fileRef = 235DC65914EFB3C800D28657 /* GetMetadataForFile.m */; };
		235DC65D14EFB3C800D28657 /* MySpotlightImporter.m in Sources */ = {isa = PBXBuildFile; fileRef = 235DC65C14EFB3C800D28657 /* MySpotlightImporter.m */; };
		6749F2C814F2F1C4007AB6C4 /* ZipArchive.mm in Sources */ = {isa = PBXBuildFile; fileRef = D78388741354891800E7937B /* ZipArchive.mm */; };
		6749F2CA14F2F1EE007AB6C4 /* ioapi.c in Sources */ = {isa = PBXBuildFile; fileRef = D78388931354AA7600E7937B /* ioapi.c */; };
		6749F2CB14F2F1F2007AB6C4 /* mztools.c in Sources */ = {isa = PBXBuildFile; fileRef = D78388951354AA7600E7937B /* mztools.c */; };
		6749F2CC14F2F1F5007AB6C4 /* unzip.c in Sources */ = {isa = PBXBuildFile; fileRef = D78388971354AA7600E7937B /* unzip.c */; };
		6749F2CD14F2F206007AB6C4 /* zip.c in Sources */ = {isa = PBXBuildFile; fileRef = D78388991354AA7600E7937B /* zip.c */; };
		6749F2CE14F2F21A007AB6C4 /* JTPepub.m in Sources */ = {isa = PBXBuildFile; fileRef = D78BA76D1360A90A000EB558 /* JTPepub.m */; };
		6749F2CF14F2F247007AB6C4 /* GDataXMLNode.m in Sources */ = {isa = PBXBuildFile; fileRef = D76675C014CECD50003850E7 /* GDataXMLNode.m */; };
		6749F2D014F2F261007AB6C4 /* libxml2.dylib in Frameworks */ = {isa = PBXBuildFile; fileRef = D76675C514CECDFF003850E7 /* libxml2.dylib */; };
		6749F2D114F2F26C007AB6C4 /* libz.dylib in Frameworks */ = {isa = PBXBuildFile; fileRef = D727FC8313D771B200CB5355 /* libz.dylib */; };
		6749F2D214F2F2B2007AB6C4 /* AppKit.framework in Frameworks */ = {isa = PBXBuildFile; fileRef = D783888213548ADA00E7937B /* AppKit.framework */; };
		674D09CB14CF297E00127A36 /* NSArray+HTML.h in Headers */ = {isa = PBXBuildFile; fileRef = 674D09C914CF297E00127A36 /* NSArray+HTML.h */; };
		674D09CC14CF297E00127A36 /* NSArray+HTML.m in Sources */ = {isa = PBXBuildFile; fileRef = 674D09CA14CF297E00127A36 /* NSArray+HTML.m */; };
		674D09D014CF2C6800127A36 /* NSString+HTML.h in Headers */ = {isa = PBXBuildFile; fileRef = 674D09CE14CF2C6800127A36 /* NSString+HTML.h */; };
		674D09D114CF2C6800127A36 /* NSString+HTML.m in Sources */ = {isa = PBXBuildFile; fileRef = 674D09CF14CF2C6800127A36 /* NSString+HTML.m */; };
		67543ADF14E70B1600A42752 /* badcontributor.epub in Resources */ = {isa = PBXBuildFile; fileRef = 67543ADE14E70B1600A42752 /* badcontributor.epub */; };
		675F07F014E7190700FEFD90 /* metadata.epub in Resources */ = {isa = PBXBuildFile; fileRef = 675F07EE14E7190700FEFD90 /* metadata.epub */; };
		675F07F114E7190700FEFD90 /* Untitled.epub in Resources */ = {isa = PBXBuildFile; fileRef = 675F07EF14E7190700FEFD90 /* Untitled.epub */; };
		675FAB3D14D9B8760065603A /* SenTestingKit.framework in Frameworks */ = {isa = PBXBuildFile; fileRef = 675FAB3C14D9B8760065603A /* SenTestingKit.framework */; };
		675FAB3F14D9B8760065603A /* Cocoa.framework in Frameworks */ = {isa = PBXBuildFile; fileRef = 675FAB3E14D9B8760065603A /* Cocoa.framework */; };
		675FAB4C14D9B8760065603A /* EpubTests.m in Sources */ = {isa = PBXBuildFile; fileRef = 675FAB4B14D9B8760065603A /* EpubTests.m */; };
		675FAB5214D9BD5D0065603A /* libxml2.dylib in Frameworks */ = {isa = PBXBuildFile; fileRef = D76675C514CECDFF003850E7 /* libxml2.dylib */; };
		675FAB5314D9BD6D0065603A /* libz.dylib in Frameworks */ = {isa = PBXBuildFile; fileRef = D727FC8313D771B200CB5355 /* libz.dylib */; };
		675FAB5414D9BEEF0065603A /* JTPepub.m in Sources */ = {isa = PBXBuildFile; fileRef = D78BA76D1360A90A000EB558 /* JTPepub.m */; };
		675FAB5514D9BEFB0065603A /* GDataXMLNode.m in Sources */ = {isa = PBXBuildFile; fileRef = D76675C014CECD50003850E7 /* GDataXMLNode.m */; };
		675FAB5614D9BEFE0065603A /* NSArray+HTML.m in Sources */ = {isa = PBXBuildFile; fileRef = 674D09CA14CF297E00127A36 /* NSArray+HTML.m */; };
		675FAB5714D9BF030065603A /* NSString+HTML.m in Sources */ = {isa = PBXBuildFile; fileRef = 674D09CF14CF2C6800127A36 /* NSString+HTML.m */; };
		675FAB5814D9BF390065603A /* ZipArchive.mm in Sources */ = {isa = PBXBuildFile; fileRef = D78388741354891800E7937B /* ZipArchive.mm */; };
		675FAB5914D9BF690065603A /* ioapi.c in Sources */ = {isa = PBXBuildFile; fileRef = D78388931354AA7600E7937B /* ioapi.c */; };
		675FAB5A14D9BF6C0065603A /* mztools.c in Sources */ = {isa = PBXBuildFile; fileRef = D78388951354AA7600E7937B /* mztools.c */; };
		675FAB5B14D9BF740065603A /* unzip.c in Sources */ = {isa = PBXBuildFile; fileRef = D78388971354AA7600E7937B /* unzip.c */; };
		675FAB5C14D9BF780065603A /* zip.c in Sources */ = {isa = PBXBuildFile; fileRef = D78388991354AA7600E7937B /* zip.c */; };
		67BE43EE14DEC886003C7DFC /* fake-adept.epub in Resources */ = {isa = PBXBuildFile; fileRef = 67BE43EB14DEC886003C7DFC /* fake-adept.epub */; };
		67BE43EF14DEC886003C7DFC /* fake-fairplay.epub in Resources */ = {isa = PBXBuildFile; fileRef = 67BE43EC14DEC886003C7DFC /* fake-fairplay.epub */; };
		67BE43F014DEC886003C7DFC /* fake-kobo.epub in Resources */ = {isa = PBXBuildFile; fileRef = 67BE43ED14DEC886003C7DFC /* fake-kobo.epub */; };
		67E3075214E995510004C1D8 /* fake-library.epub in Resources */ = {isa = PBXBuildFile; fileRef = 67E3075114E995510004C1D8 /* fake-library.epub */; };
		67E3077314E9A24A0004C1D8 /* NSDate+OPF.h in Headers */ = {isa = PBXBuildFile; fileRef = 67E3077114E9A24A0004C1D8 /* NSDate+OPF.h */; };
		67E3077414E9A24A0004C1D8 /* NSDate+OPF.m in Sources */ = {isa = PBXBuildFile; fileRef = 67E3077214E9A24A0004C1D8 /* NSDate+OPF.m */; };
		67E3077514E9A24A0004C1D8 /* NSDate+OPF.m in Sources */ = {isa = PBXBuildFile; fileRef = 67E3077214E9A24A0004C1D8 /* NSDate+OPF.m */; };
		67F77F9214E7B25000D9D71D /* fake-bn.epub in Resources */ = {isa = PBXBuildFile; fileRef = 67F77F9114E7B25000D9D71D /* fake-bn.epub */; };
		D727FC8413D771B200CB5355 /* libz.dylib in Frameworks */ = {isa = PBXBuildFile; fileRef = D727FC8313D771B200CB5355 /* libz.dylib */; };
		D749581E14DD800D0048D619 /* InfoPlist.strings in Resources */ = {isa = PBXBuildFile; fileRef = D78388591354890700E7937B /* InfoPlist.strings */; };
		D749582414DD82360048D619 /* Localizable.strings in Resources */ = {isa = PBXBuildFile; fileRef = D749582614DD82360048D619 /* Localizable.strings */; };
		D76675C114CECD50003850E7 /* GDataXMLNode.h in Headers */ = {isa = PBXBuildFile; fileRef = D76675BF14CECD50003850E7 /* GDataXMLNode.h */; };
		D76675C214CECD50003850E7 /* GDataXMLNode.m in Sources */ = {isa = PBXBuildFile; fileRef = D76675C014CECD50003850E7 /* GDataXMLNode.m */; };
		D76675C614CECDFF003850E7 /* libxml2.dylib in Frameworks */ = {isa = PBXBuildFile; fileRef = D76675C514CECDFF003850E7 /* libxml2.dylib */; };
		D783884F1354890700E7937B /* QuickLook.framework in Frameworks */ = {isa = PBXBuildFile; fileRef = D783884E1354890700E7937B /* QuickLook.framework */; };
		D78388511354890700E7937B /* ApplicationServices.framework in Frameworks */ = {isa = PBXBuildFile; fileRef = D78388501354890700E7937B /* ApplicationServices.framework */; };
		D78388531354890700E7937B /* CoreServices.framework in Frameworks */ = {isa = PBXBuildFile; fileRef = D78388521354890700E7937B /* CoreServices.framework */; };
		D78388551354890700E7937B /* CoreFoundation.framework in Frameworks */ = {isa = PBXBuildFile; fileRef = D78388541354890700E7937B /* CoreFoundation.framework */; };
		D783885E1354890700E7937B /* GenerateThumbnailForURL.m in Sources */ = {isa = PBXBuildFile; fileRef = D783885D1354890700E7937B /* GenerateThumbnailForURL.m */; };
		D78388601354890700E7937B /* GeneratePreviewForURL.m in Sources */ = {isa = PBXBuildFile; fileRef = D783885F1354890700E7937B /* GeneratePreviewForURL.m */; };
		D78388621354890700E7937B /* main.c in Sources */ = {isa = PBXBuildFile; fileRef = D78388611354890700E7937B /* main.c */; };
		D783887E1354891800E7937B /* ZipArchive.h in Headers */ = {isa = PBXBuildFile; fileRef = D78388731354891800E7937B /* ZipArchive.h */; };
		D783887F1354891800E7937B /* ZipArchive.mm in Sources */ = {isa = PBXBuildFile; fileRef = D78388741354891800E7937B /* ZipArchive.mm */; };
		D783888313548ADA00E7937B /* AppKit.framework in Frameworks */ = {isa = PBXBuildFile; fileRef = D783888213548ADA00E7937B /* AppKit.framework */; };
		D783889B1354AA7600E7937B /* crypt.h in Headers */ = {isa = PBXBuildFile; fileRef = D78388921354AA7600E7937B /* crypt.h */; };
		D783889C1354AA7600E7937B /* ioapi.c in Sources */ = {isa = PBXBuildFile; fileRef = D78388931354AA7600E7937B /* ioapi.c */; };
		D783889D1354AA7600E7937B /* ioapi.h in Headers */ = {isa = PBXBuildFile; fileRef = D78388941354AA7600E7937B /* ioapi.h */; };
		D783889E1354AA7600E7937B /* mztools.c in Sources */ = {isa = PBXBuildFile; fileRef = D78388951354AA7600E7937B /* mztools.c */; };
		D783889F1354AA7600E7937B /* mztools.h in Headers */ = {isa = PBXBuildFile; fileRef = D78388961354AA7600E7937B /* mztools.h */; };
		D78388A01354AA7600E7937B /* unzip.c in Sources */ = {isa = PBXBuildFile; fileRef = D78388971354AA7600E7937B /* unzip.c */; };
		D78388A11354AA7600E7937B /* unzip.h in Headers */ = {isa = PBXBuildFile; fileRef = D78388981354AA7600E7937B /* unzip.h */; };
		D78388A21354AA7600E7937B /* zip.c in Sources */ = {isa = PBXBuildFile; fileRef = D78388991354AA7600E7937B /* zip.c */; };
		D78388A31354AA7600E7937B /* zip.h in Headers */ = {isa = PBXBuildFile; fileRef = D783889A1354AA7600E7937B /* zip.h */; };
		D78BA76E1360A90A000EB558 /* JTPepub.h in Headers */ = {isa = PBXBuildFile; fileRef = D78BA76C1360A90A000EB558 /* JTPepub.h */; };
		D78BA76F1360A90A000EB558 /* JTPepub.m in Sources */ = {isa = PBXBuildFile; fileRef = D78BA76D1360A90A000EB558 /* JTPepub.m */; };
		D7DA65C313D77C97006BED29 /* lion.css in Resources */ = {isa = PBXBuildFile; fileRef = D7DA65C213D77C97006BED29 /* lion.css */; };
		D7DA65C513D77CCD006BED29 /* leopard.css in Resources */ = {isa = PBXBuildFile; fileRef = D7DA65C413D77CCD006BED29 /* leopard.css */; };
		D7E5A5C81386A9F7007EB5E9 /* index.html in Resources */ = {isa = PBXBuildFile; fileRef = D7E5A5C71386A9F7007EB5E9 /* index.html */; };
/* End PBXBuildFile section */

/* Begin PBXFileReference section */
		235DC64A14EFB3C800D28657 /* epub.mdimporter */ = {isa = PBXFileReference; explicitFileType = wrapper.cfbundle; includeInIndex = 0; path = epub.mdimporter; sourceTree = BUILT_PRODUCTS_DIR; };
		235DC64D14EFB3C800D28657 /* CoreData.framework */ = {isa = PBXFileReference; lastKnownFileType = wrapper.framework; name = CoreData.framework; path = System/Library/Frameworks/CoreData.framework; sourceTree = SDKROOT; };
		235DC64F14EFB3C800D28657 /* Foundation.framework */ = {isa = PBXFileReference; lastKnownFileType = wrapper.framework; name = Foundation.framework; path = System/Library/Frameworks/Foundation.framework; sourceTree = SDKROOT; };
		235DC65314EFB3C800D28657 /* epubMDI-Info.plist */ = {isa = PBXFileReference; lastKnownFileType = text.plist.xml; path = "epubMDI-Info.plist"; sourceTree = "<group>"; };
		235DC65514EFB3C800D28657 /* en */ = {isa = PBXFileReference; lastKnownFileType = text.plist.strings; name = en; path = en.lproj/InfoPlist.strings; sourceTree = "<group>"; };
		235DC65714EFB3C800D28657 /* main.c */ = {isa = PBXFileReference; lastKnownFileType = sourcecode.c.c; path = main.c; sourceTree = "<group>"; };
		235DC65914EFB3C800D28657 /* GetMetadataForFile.m */ = {isa = PBXFileReference; lastKnownFileType = sourcecode.c.objc; path = GetMetadataForFile.m; sourceTree = "<group>"; };
		235DC65B14EFB3C800D28657 /* MySpotlightImporter.h */ = {isa = PBXFileReference; lastKnownFileType = sourcecode.c.h; path = MySpotlightImporter.h; sourceTree = "<group>"; };
		235DC65C14EFB3C800D28657 /* MySpotlightImporter.m */ = {isa = PBXFileReference; lastKnownFileType = sourcecode.c.objc; path = MySpotlightImporter.m; sourceTree = "<group>"; };
		235DC65E14EFB3C800D28657 /* Importer Read Me.txt */ = {isa = PBXFileReference; lastKnownFileType = text; path = "Importer Read Me.txt"; sourceTree = "<group>"; };
		235DC65F14EFB3C800D28657 /* epubMDI-Prefix.pch */ = {isa = PBXFileReference; lastKnownFileType = sourcecode.c.h; path = "epubMDI-Prefix.pch"; sourceTree = "<group>"; };
		674D09C914CF297E00127A36 /* NSArray+HTML.h */ = {isa = PBXFileReference; fileEncoding = 4; lastKnownFileType = sourcecode.c.h; path = "NSArray+HTML.h"; sourceTree = "<group>"; };
		674D09CA14CF297E00127A36 /* NSArray+HTML.m */ = {isa = PBXFileReference; fileEncoding = 4; lastKnownFileType = sourcecode.c.objc; path = "NSArray+HTML.m"; sourceTree = "<group>"; };
		674D09CE14CF2C6800127A36 /* NSString+HTML.h */ = {isa = PBXFileReference; fileEncoding = 4; lastKnownFileType = sourcecode.c.h; path = "NSString+HTML.h"; sourceTree = "<group>"; };
		674D09CF14CF2C6800127A36 /* NSString+HTML.m */ = {isa = PBXFileReference; fileEncoding = 4; lastKnownFileType = sourcecode.c.objc; path = "NSString+HTML.m"; sourceTree = "<group>"; };
		67543ADE14E70B1600A42752 /* badcontributor.epub */ = {isa = PBXFileReference; lastKnownFileType = file; path = badcontributor.epub; sourceTree = "<group>"; };
		675F07EE14E7190700FEFD90 /* metadata.epub */ = {isa = PBXFileReference; lastKnownFileType = file; path = metadata.epub; sourceTree = "<group>"; };
		675F07EF14E7190700FEFD90 /* Untitled.epub */ = {isa = PBXFileReference; lastKnownFileType = file; path = Untitled.epub; sourceTree = "<group>"; };
		675FAB3B14D9B8760065603A /* EpubTests.octest */ = {isa = PBXFileReference; explicitFileType = wrapper.cfbundle; includeInIndex = 0; path = EpubTests.octest; sourceTree = BUILT_PRODUCTS_DIR; };
		675FAB3C14D9B8760065603A /* SenTestingKit.framework */ = {isa = PBXFileReference; lastKnownFileType = wrapper.framework; name = SenTestingKit.framework; path = Library/Frameworks/SenTestingKit.framework; sourceTree = DEVELOPER_DIR; };
		675FAB3E14D9B8760065603A /* Cocoa.framework */ = {isa = PBXFileReference; lastKnownFileType = wrapper.framework; name = Cocoa.framework; path = Library/Frameworks/Cocoa.framework; sourceTree = DEVELOPER_DIR; };
		675FAB4114D9B8760065603A /* AppKit.framework */ = {isa = PBXFileReference; lastKnownFileType = wrapper.framework; name = AppKit.framework; path = Library/Frameworks/AppKit.framework; sourceTree = SDKROOT; };
		675FAB4214D9B8760065603A /* CoreData.framework */ = {isa = PBXFileReference; lastKnownFileType = wrapper.framework; name = CoreData.framework; path = Library/Frameworks/CoreData.framework; sourceTree = SDKROOT; };
		675FAB4314D9B8760065603A /* Foundation.framework */ = {isa = PBXFileReference; lastKnownFileType = wrapper.framework; name = Foundation.framework; path = Library/Frameworks/Foundation.framework; sourceTree = SDKROOT; };
		675FAB4614D9B8760065603A /* EpubTests-Info.plist */ = {isa = PBXFileReference; lastKnownFileType = text.plist.xml; path = "EpubTests-Info.plist"; sourceTree = "<group>"; };
		675FAB4A14D9B8760065603A /* EpubTests.h */ = {isa = PBXFileReference; lastKnownFileType = sourcecode.c.h; path = EpubTests.h; sourceTree = "<group>"; };
		675FAB4B14D9B8760065603A /* EpubTests.m */ = {isa = PBXFileReference; lastKnownFileType = sourcecode.c.objc; path = EpubTests.m; sourceTree = "<group>"; };
		675FAB4D14D9B8760065603A /* EpubTests-Prefix.pch */ = {isa = PBXFileReference; lastKnownFileType = sourcecode.c.h; path = "EpubTests-Prefix.pch"; sourceTree = "<group>"; };
		67BE43EB14DEC886003C7DFC /* fake-adept.epub */ = {isa = PBXFileReference; lastKnownFileType = file; path = "fake-adept.epub"; sourceTree = "<group>"; };
		67BE43EC14DEC886003C7DFC /* fake-fairplay.epub */ = {isa = PBXFileReference; lastKnownFileType = file; path = "fake-fairplay.epub"; sourceTree = "<group>"; };
		67BE43ED14DEC886003C7DFC /* fake-kobo.epub */ = {isa = PBXFileReference; lastKnownFileType = file; path = "fake-kobo.epub"; sourceTree = "<group>"; };
		67E3075114E995510004C1D8 /* fake-library.epub */ = {isa = PBXFileReference; lastKnownFileType = file; path = "fake-library.epub"; sourceTree = "<group>"; };
		67E3077114E9A24A0004C1D8 /* NSDate+OPF.h */ = {isa = PBXFileReference; fileEncoding = 4; lastKnownFileType = sourcecode.c.h; path = "NSDate+OPF.h"; sourceTree = "<group>"; };
		67E3077214E9A24A0004C1D8 /* NSDate+OPF.m */ = {isa = PBXFileReference; fileEncoding = 4; lastKnownFileType = sourcecode.c.objc; path = "NSDate+OPF.m"; sourceTree = "<group>"; };
		67F77F9114E7B25000D9D71D /* fake-bn.epub */ = {isa = PBXFileReference; lastKnownFileType = file; path = "fake-bn.epub"; sourceTree = "<group>"; };
		D727FC8313D771B200CB5355 /* libz.dylib */ = {isa = PBXFileReference; lastKnownFileType = "compiled.mach-o.dylib"; name = libz.dylib; path = usr/lib/libz.dylib; sourceTree = SDKROOT; };
		D749582514DD82360048D619 /* en */ = {isa = PBXFileReference; lastKnownFileType = text.plist.strings; name = en; path = en.lproj/Localizable.strings; sourceTree = "<group>"; };
		D76675BF14CECD50003850E7 /* GDataXMLNode.h */ = {isa = PBXFileReference; fileEncoding = 4; lastKnownFileType = sourcecode.c.h; name = GDataXMLNode.h; path = JTPepub/GDataXMLNode.h; sourceTree = SOURCE_ROOT; };
		D76675C014CECD50003850E7 /* GDataXMLNode.m */ = {isa = PBXFileReference; fileEncoding = 4; lastKnownFileType = sourcecode.c.objc; name = GDataXMLNode.m; path = JTPepub/GDataXMLNode.m; sourceTree = SOURCE_ROOT; };
		D76675C514CECDFF003850E7 /* libxml2.dylib */ = {isa = PBXFileReference; lastKnownFileType = "compiled.mach-o.dylib"; name = libxml2.dylib; path = usr/lib/libxml2.dylib; sourceTree = SDKROOT; };
		D783884B1354890700E7937B /* epub.qlgenerator */ = {isa = PBXFileReference; explicitFileType = wrapper.cfbundle; includeInIndex = 0; path = epub.qlgenerator; sourceTree = BUILT_PRODUCTS_DIR; };
		D783884E1354890700E7937B /* QuickLook.framework */ = {isa = PBXFileReference; lastKnownFileType = wrapper.framework; name = QuickLook.framework; path = System/Library/Frameworks/QuickLook.framework; sourceTree = SDKROOT; };
		D78388501354890700E7937B /* ApplicationServices.framework */ = {isa = PBXFileReference; lastKnownFileType = wrapper.framework; name = ApplicationServices.framework; path = System/Library/Frameworks/ApplicationServices.framework; sourceTree = SDKROOT; };
		D78388521354890700E7937B /* CoreServices.framework */ = {isa = PBXFileReference; lastKnownFileType = wrapper.framework; name = CoreServices.framework; path = System/Library/Frameworks/CoreServices.framework; sourceTree = SDKROOT; };
		D78388541354890700E7937B /* CoreFoundation.framework */ = {isa = PBXFileReference; lastKnownFileType = wrapper.framework; name = CoreFoundation.framework; path = System/Library/Frameworks/CoreFoundation.framework; sourceTree = SDKROOT; };
		D78388581354890700E7937B /* epub-Info.plist */ = {isa = PBXFileReference; lastKnownFileType = text.plist.xml; path = "epub-Info.plist"; sourceTree = "<group>"; };
		D783885A1354890700E7937B /* en */ = {isa = PBXFileReference; lastKnownFileType = text.plist.strings; name = en; path = en.lproj/InfoPlist.strings; sourceTree = "<group>"; };
		D783885C1354890700E7937B /* epub-Prefix.pch */ = {isa = PBXFileReference; lastKnownFileType = sourcecode.c.h; path = "epub-Prefix.pch"; sourceTree = "<group>"; };
		D783885D1354890700E7937B /* GenerateThumbnailForURL.m */ = {isa = PBXFileReference; lastKnownFileType = sourcecode.c.objc; path = GenerateThumbnailForURL.m; sourceTree = "<group>"; };
		D783885F1354890700E7937B /* GeneratePreviewForURL.m */ = {isa = PBXFileReference; lastKnownFileType = sourcecode.c.objc; path = GeneratePreviewForURL.m; sourceTree = "<group>"; };
		D78388611354890700E7937B /* main.c */ = {isa = PBXFileReference; lastKnownFileType = sourcecode.c.c; path = main.c; sourceTree = "<group>"; };
		D78388731354891800E7937B /* ZipArchive.h */ = {isa = PBXFileReference; fileEncoding = 4; lastKnownFileType = sourcecode.c.h; path = ZipArchive.h; sourceTree = "<group>"; };
		D78388741354891800E7937B /* ZipArchive.mm */ = {isa = PBXFileReference; fileEncoding = 4; lastKnownFileType = sourcecode.cpp.objcpp; path = ZipArchive.mm; sourceTree = "<group>"; };
		D783888213548ADA00E7937B /* AppKit.framework */ = {isa = PBXFileReference; lastKnownFileType = wrapper.framework; name = AppKit.framework; path = System/Library/Frameworks/AppKit.framework; sourceTree = SDKROOT; };
		D78388921354AA7600E7937B /* crypt.h */ = {isa = PBXFileReference; fileEncoding = 4; lastKnownFileType = sourcecode.c.h; path = crypt.h; sourceTree = "<group>"; };
		D78388931354AA7600E7937B /* ioapi.c */ = {isa = PBXFileReference; fileEncoding = 4; lastKnownFileType = sourcecode.c.c; path = ioapi.c; sourceTree = "<group>"; };
		D78388941354AA7600E7937B /* ioapi.h */ = {isa = PBXFileReference; fileEncoding = 4; lastKnownFileType = sourcecode.c.h; path = ioapi.h; sourceTree = "<group>"; };
		D78388951354AA7600E7937B /* mztools.c */ = {isa = PBXFileReference; fileEncoding = 4; lastKnownFileType = sourcecode.c.c; path = mztools.c; sourceTree = "<group>"; };
		D78388961354AA7600E7937B /* mztools.h */ = {isa = PBXFileReference; fileEncoding = 4; lastKnownFileType = sourcecode.c.h; path = mztools.h; sourceTree = "<group>"; };
		D78388971354AA7600E7937B /* unzip.c */ = {isa = PBXFileReference; fileEncoding = 4; lastKnownFileType = sourcecode.c.c; path = unzip.c; sourceTree = "<group>"; };
		D78388981354AA7600E7937B /* unzip.h */ = {isa = PBXFileReference; fileEncoding = 4; lastKnownFileType = sourcecode.c.h; path = unzip.h; sourceTree = "<group>"; };
		D78388991354AA7600E7937B /* zip.c */ = {isa = PBXFileReference; fileEncoding = 4; lastKnownFileType = sourcecode.c.c; path = zip.c; sourceTree = "<group>"; };
		D783889A1354AA7600E7937B /* zip.h */ = {isa = PBXFileReference; fileEncoding = 4; lastKnownFileType = sourcecode.c.h; path = zip.h; sourceTree = "<group>"; };
		D78BA76C1360A90A000EB558 /* JTPepub.h */ = {isa = PBXFileReference; fileEncoding = 4; lastKnownFileType = sourcecode.c.h; path = JTPepub.h; sourceTree = "<group>"; };
		D78BA76D1360A90A000EB558 /* JTPepub.m */ = {isa = PBXFileReference; fileEncoding = 4; lastKnownFileType = sourcecode.c.objc; path = JTPepub.m; sourceTree = "<group>"; };
		D7DA65C213D77C97006BED29 /* lion.css */ = {isa = PBXFileReference; fileEncoding = 4; lastKnownFileType = text.css; path = lion.css; sourceTree = "<group>"; };
		D7DA65C413D77CCD006BED29 /* leopard.css */ = {isa = PBXFileReference; fileEncoding = 4; lastKnownFileType = text.css; path = leopard.css; sourceTree = "<group>"; };
		D7E5A5C71386A9F7007EB5E9 /* index.html */ = {isa = PBXFileReference; fileEncoding = 4; lastKnownFileType = text.html; path = index.html; sourceTree = "<group>"; };
/* End PBXFileReference section */

/* Begin PBXFrameworksBuildPhase section */
		235DC64714EFB3C800D28657 /* Frameworks */ = {
			isa = PBXFrameworksBuildPhase;
			buildActionMask = 2147483647;
			files = (
				6749F2D014F2F261007AB6C4 /* libxml2.dylib in Frameworks */,
				6749F2D114F2F26C007AB6C4 /* libz.dylib in Frameworks */,
				235DC64B14EFB3C800D28657 /* CoreServices.framework in Frameworks */,
				235DC64C14EFB3C800D28657 /* CoreFoundation.framework in Frameworks */,
				235DC64E14EFB3C800D28657 /* CoreData.framework in Frameworks */,
				235DC65014EFB3C800D28657 /* Foundation.framework in Frameworks */,
				6749F2D214F2F2B2007AB6C4 /* AppKit.framework in Frameworks */,
			);
			runOnlyForDeploymentPostprocessing = 0;
		};
		675FAB3714D9B8760065603A /* Frameworks */ = {
			isa = PBXFrameworksBuildPhase;
			buildActionMask = 2147483647;
			files = (
				675FAB5214D9BD5D0065603A /* libxml2.dylib in Frameworks */,
				675FAB5314D9BD6D0065603A /* libz.dylib in Frameworks */,
				675FAB3D14D9B8760065603A /* SenTestingKit.framework in Frameworks */,
				675FAB3F14D9B8760065603A /* Cocoa.framework in Frameworks */,
			);
			runOnlyForDeploymentPostprocessing = 0;
		};
		D78388461354890700E7937B /* Frameworks */ = {
			isa = PBXFrameworksBuildPhase;
			buildActionMask = 2147483647;
			files = (
				D76675C614CECDFF003850E7 /* libxml2.dylib in Frameworks */,
				D727FC8413D771B200CB5355 /* libz.dylib in Frameworks */,
				D783884F1354890700E7937B /* QuickLook.framework in Frameworks */,
				D78388511354890700E7937B /* ApplicationServices.framework in Frameworks */,
				D78388531354890700E7937B /* CoreServices.framework in Frameworks */,
				D78388551354890700E7937B /* CoreFoundation.framework in Frameworks */,
				D783888313548ADA00E7937B /* AppKit.framework in Frameworks */,
			);
			runOnlyForDeploymentPostprocessing = 0;
		};
/* End PBXFrameworksBuildPhase section */

/* Begin PBXGroup section */
		235DC65114EFB3C800D28657 /* epubMDI */ = {
			isa = PBXGroup;
			children = (
				235DC65914EFB3C800D28657 /* GetMetadataForFile.m */,
				235DC65B14EFB3C800D28657 /* MySpotlightImporter.h */,
				235DC65C14EFB3C800D28657 /* MySpotlightImporter.m */,
				235DC65E14EFB3C800D28657 /* Importer Read Me.txt */,
				235DC65214EFB3C800D28657 /* Supporting Files */,
			);
			path = epubMDI;
			sourceTree = "<group>";
		};
		235DC65214EFB3C800D28657 /* Supporting Files */ = {
			isa = PBXGroup;
			children = (
				235DC65314EFB3C800D28657 /* epubMDI-Info.plist */,
				235DC65414EFB3C800D28657 /* InfoPlist.strings */,
				235DC65714EFB3C800D28657 /* main.c */,
				235DC65F14EFB3C800D28657 /* epubMDI-Prefix.pch */,
			);
			name = "Supporting Files";
			sourceTree = "<group>";
		};
		235DC66414EFB43500D28657 /* JTPepub */ = {
			isa = PBXGroup;
			children = (
				D78388681354891800E7937B /* ZipArchive */,
				D76675C414CECD57003850E7 /* Supporting Code */,
				D78BA76C1360A90A000EB558 /* JTPepub.h */,
				D78BA76D1360A90A000EB558 /* JTPepub.m */,
				674D09C914CF297E00127A36 /* NSArray+HTML.h */,
				674D09CA14CF297E00127A36 /* NSArray+HTML.m */,
				674D09CE14CF2C6800127A36 /* NSString+HTML.h */,
				674D09CF14CF2C6800127A36 /* NSString+HTML.m */,
				67E3077114E9A24A0004C1D8 /* NSDate+OPF.h */,
				67E3077214E9A24A0004C1D8 /* NSDate+OPF.m */,
			);
			path = JTPepub;
			sourceTree = "<group>";
		};
		675FAB4014D9B8760065603A /* Other Frameworks */ = {
			isa = PBXGroup;
			children = (
				675FAB4114D9B8760065603A /* AppKit.framework */,
				675FAB4214D9B8760065603A /* CoreData.framework */,
				675FAB4314D9B8760065603A /* Foundation.framework */,
			);
			name = "Other Frameworks";
			sourceTree = "<group>";
		};
		675FAB4414D9B8760065603A /* EpubTests */ = {
			isa = PBXGroup;
			children = (
				675FAB4A14D9B8760065603A /* EpubTests.h */,
				675FAB4B14D9B8760065603A /* EpubTests.m */,
				67BE43E914DEC832003C7DFC /* Test Files */,
				675FAB4514D9B8760065603A /* Supporting Files */,
			);
			path = EpubTests;
			sourceTree = "<group>";
		};
		675FAB4514D9B8760065603A /* Supporting Files */ = {
			isa = PBXGroup;
			children = (
				675FAB4614D9B8760065603A /* EpubTests-Info.plist */,
				675FAB4D14D9B8760065603A /* EpubTests-Prefix.pch */,
			);
			name = "Supporting Files";
			sourceTree = "<group>";
		};
		67BE43E914DEC832003C7DFC /* Test Files */ = {
			isa = PBXGroup;
			children = (
				675F07EF14E7190700FEFD90 /* Untitled.epub */,
				675F07EE14E7190700FEFD90 /* metadata.epub */,
				67543ADE14E70B1600A42752 /* badcontributor.epub */,
				67BE43EB14DEC886003C7DFC /* fake-adept.epub */,
				67F77F9114E7B25000D9D71D /* fake-bn.epub */,
				67BE43EC14DEC886003C7DFC /* fake-fairplay.epub */,
				67BE43ED14DEC886003C7DFC /* fake-kobo.epub */,
				67E3075114E995510004C1D8 /* fake-library.epub */,
			);
			name = "Test Files";
			sourceTree = "<group>";
		};
		D76675C414CECD57003850E7 /* Supporting Code */ = {
			isa = PBXGroup;
			children = (
				D76675BF14CECD50003850E7 /* GDataXMLNode.h */,
				D76675C014CECD50003850E7 /* GDataXMLNode.m */,
			);
			name = "Supporting Code";
			path = ../epubQL;
			sourceTree = "<group>";
		};
		D783883E1354890700E7937B = {
			isa = PBXGroup;
			children = (
				D78388561354890700E7937B /* epubQL */,
				235DC65114EFB3C800D28657 /* epubMDI */,
				235DC66414EFB43500D28657 /* JTPepub */,
				675FAB4414D9B8760065603A /* EpubTests */,
				D783884D1354890700E7937B /* Frameworks */,
				D783884C1354890700E7937B /* Products */,
			);
			sourceTree = "<group>";
		};
		D783884C1354890700E7937B /* Products */ = {
			isa = PBXGroup;
			children = (
				D783884B1354890700E7937B /* epub.qlgenerator */,
				675FAB3B14D9B8760065603A /* EpubTests.octest */,
				235DC64A14EFB3C800D28657 /* epub.mdimporter */,
			);
			name = Products;
			sourceTree = "<group>";
		};
		D783884D1354890700E7937B /* Frameworks */ = {
			isa = PBXGroup;
			children = (
				D727FC8313D771B200CB5355 /* libz.dylib */,
				D76675C514CECDFF003850E7 /* libxml2.dylib */,
				D783888213548ADA00E7937B /* AppKit.framework */,
				D783884E1354890700E7937B /* QuickLook.framework */,
				D78388501354890700E7937B /* ApplicationServices.framework */,
				D78388521354890700E7937B /* CoreServices.framework */,
				D78388541354890700E7937B /* CoreFoundation.framework */,
				675FAB3C14D9B8760065603A /* SenTestingKit.framework */,
				675FAB3E14D9B8760065603A /* Cocoa.framework */,
				235DC64D14EFB3C800D28657 /* CoreData.framework */,
				235DC64F14EFB3C800D28657 /* Foundation.framework */,
				675FAB4014D9B8760065603A /* Other Frameworks */,
			);
			name = Frameworks;
			sourceTree = "<group>";
		};
		D78388561354890700E7937B /* epubQL */ = {
			isa = PBXGroup;
			children = (
				D783885D1354890700E7937B /* GenerateThumbnailForURL.m */,
				D783885F1354890700E7937B /* GeneratePreviewForURL.m */,
				D78388611354890700E7937B /* main.c */,
				D78388571354890700E7937B /* Supporting Files */,
			);
			path = epubQL;
			sourceTree = "<group>";
		};
		D78388571354890700E7937B /* Supporting Files */ = {
			isa = PBXGroup;
			children = (
				D7DA65C213D77C97006BED29 /* lion.css */,
				D7DA65C413D77CCD006BED29 /* leopard.css */,
				D7E5A5C71386A9F7007EB5E9 /* index.html */,
				D78388581354890700E7937B /* epub-Info.plist */,
				D78388591354890700E7937B /* InfoPlist.strings */,
				D749582614DD82360048D619 /* Localizable.strings */,
				D783885C1354890700E7937B /* epub-Prefix.pch */,
			);
			name = "Supporting Files";
			sourceTree = "<group>";
		};
		D78388681354891800E7937B /* ZipArchive */ = {
			isa = PBXGroup;
			children = (
				D78388691354891800E7937B /* minizip */,
				D78388731354891800E7937B /* ZipArchive.h */,
				D78388741354891800E7937B /* ZipArchive.mm */,
			);
			path = ZipArchive;
			sourceTree = "<group>";
		};
		D78388691354891800E7937B /* minizip */ = {
			isa = PBXGroup;
			children = (
				D78388921354AA7600E7937B /* crypt.h */,
				D78388931354AA7600E7937B /* ioapi.c */,
				D78388941354AA7600E7937B /* ioapi.h */,
				D78388951354AA7600E7937B /* mztools.c */,
				D78388961354AA7600E7937B /* mztools.h */,
				D78388971354AA7600E7937B /* unzip.c */,
				D78388981354AA7600E7937B /* unzip.h */,
				D78388991354AA7600E7937B /* zip.c */,
				D783889A1354AA7600E7937B /* zip.h */,
			);
			path = minizip;
			sourceTree = "<group>";
		};
/* End PBXGroup section */

/* Begin PBXHeadersBuildPhase section */
		D78388471354890700E7937B /* Headers */ = {
			isa = PBXHeadersBuildPhase;
			buildActionMask = 2147483647;
			files = (
				D783887E1354891800E7937B /* ZipArchive.h in Headers */,
				D783889B1354AA7600E7937B /* crypt.h in Headers */,
				D783889D1354AA7600E7937B /* ioapi.h in Headers */,
				D783889F1354AA7600E7937B /* mztools.h in Headers */,
				D78388A11354AA7600E7937B /* unzip.h in Headers */,
				D78388A31354AA7600E7937B /* zip.h in Headers */,
				D78BA76E1360A90A000EB558 /* JTPepub.h in Headers */,
				674D09CB14CF297E00127A36 /* NSArray+HTML.h in Headers */,
				674D09D014CF2C6800127A36 /* NSString+HTML.h in Headers */,
				D76675C114CECD50003850E7 /* GDataXMLNode.h in Headers */,
				67E3077314E9A24A0004C1D8 /* NSDate+OPF.h in Headers */,
			);
			runOnlyForDeploymentPostprocessing = 0;
		};
/* End PBXHeadersBuildPhase section */

/* Begin PBXNativeTarget section */
		235DC64914EFB3C800D28657 /* epubMDI */ = {
			isa = PBXNativeTarget;
			buildConfigurationList = 235DC66214EFB3C800D28657 /* Build configuration list for PBXNativeTarget "epubMDI" */;
			buildPhases = (
				235DC64614EFB3C800D28657 /* Sources */,
				235DC64714EFB3C800D28657 /* Frameworks */,
				235DC64814EFB3C800D28657 /* Resources */,
			);
			buildRules = (
			);
			dependencies = (
			);
			name = epubMDI;
			productName = epubMDI;
			productReference = 235DC64A14EFB3C800D28657 /* epub.mdimporter */;
			productType = "com.apple.product-type.bundle";
		};
		675FAB3A14D9B8760065603A /* EpubTests */ = {
			isa = PBXNativeTarget;
			buildConfigurationList = 675FAB5014D9B8760065603A /* Build configuration list for PBXNativeTarget "EpubTests" */;
			buildPhases = (
				675FAB3614D9B8760065603A /* Sources */,
				675FAB3714D9B8760065603A /* Frameworks */,
				675FAB3814D9B8760065603A /* Resources */,
				675FAB3914D9B8760065603A /* ShellScript */,
			);
			buildRules = (
			);
			dependencies = (
			);
			name = EpubTests;
			productName = EpubTests;
			productReference = 675FAB3B14D9B8760065603A /* EpubTests.octest */;
			productType = "com.apple.product-type.bundle";
		};
		D783884A1354890700E7937B /* epubQL */ = {
			isa = PBXNativeTarget;
			buildConfigurationList = D78388651354890700E7937B /* Build configuration list for PBXNativeTarget "epubQL" */;
			buildPhases = (
				D78388451354890700E7937B /* Sources */,
				D78388461354890700E7937B /* Frameworks */,
				D78388471354890700E7937B /* Headers */,
				D78388481354890700E7937B /* Resources */,
				D78388491354890700E7937B /* Rez */,
			);
			buildRules = (
			);
			dependencies = (
			);
			name = epubQL;
			productName = epub;
			productReference = D783884B1354890700E7937B /* epub.qlgenerator */;
			productType = "com.apple.product-type.bundle";
		};
/* End PBXNativeTarget section */

/* Begin PBXProject section */
		D78388401354890700E7937B /* Project object */ = {
			isa = PBXProject;
			attributes = {
				LastUpgradeCheck = 0430;
				ORGANIZATIONNAME = "Imperial College";
			};
			buildConfigurationList = D78388431354890700E7937B /* Build configuration list for PBXProject "epub" */;
			compatibilityVersion = "Xcode 3.2";
			developmentRegion = English;
			hasScannedForEncodings = 0;
			knownRegions = (
				en,
			);
			mainGroup = D783883E1354890700E7937B;
			productRefGroup = D783884C1354890700E7937B /* Products */;
			projectDirPath = "";
			projectRoot = "";
			targets = (
				D783884A1354890700E7937B /* epubQL */,
				675FAB3A14D9B8760065603A /* EpubTests */,
				235DC64914EFB3C800D28657 /* epubMDI */,
			);
		};
/* End PBXProject section */

/* Begin PBXResourcesBuildPhase section */
		235DC64814EFB3C800D28657 /* Resources */ = {
			isa = PBXResourcesBuildPhase;
			buildActionMask = 2147483647;
			files = (
				235DC65614EFB3C800D28657 /* InfoPlist.strings in Resources */,
			);
			runOnlyForDeploymentPostprocessing = 0;
		};
		675FAB3814D9B8760065603A /* Resources */ = {
			isa = PBXResourcesBuildPhase;
			buildActionMask = 2147483647;
			files = (
				67BE43EE14DEC886003C7DFC /* fake-adept.epub in Resources */,
				67BE43EF14DEC886003C7DFC /* fake-fairplay.epub in Resources */,
				67BE43F014DEC886003C7DFC /* fake-kobo.epub in Resources */,
				67543ADF14E70B1600A42752 /* badcontributor.epub in Resources */,
				675F07F014E7190700FEFD90 /* metadata.epub in Resources */,
				675F07F114E7190700FEFD90 /* Untitled.epub in Resources */,
				67F77F9214E7B25000D9D71D /* fake-bn.epub in Resources */,
				67E3075214E995510004C1D8 /* fake-library.epub in Resources */,
			);
			runOnlyForDeploymentPostprocessing = 0;
		};
		D78388481354890700E7937B /* Resources */ = {
			isa = PBXResourcesBuildPhase;
			buildActionMask = 2147483647;
			files = (
				D749581E14DD800D0048D619 /* InfoPlist.strings in Resources */,
				D7E5A5C81386A9F7007EB5E9 /* index.html in Resources */,
				D7DA65C313D77C97006BED29 /* lion.css in Resources */,
				D7DA65C513D77CCD006BED29 /* leopard.css in Resources */,
				D749582414DD82360048D619 /* Localizable.strings in Resources */,
			);
			runOnlyForDeploymentPostprocessing = 0;
		};
/* End PBXResourcesBuildPhase section */

/* Begin PBXRezBuildPhase section */
		D78388491354890700E7937B /* Rez */ = {
			isa = PBXRezBuildPhase;
			buildActionMask = 2147483647;
			files = (
			);
			runOnlyForDeploymentPostprocessing = 0;
		};
/* End PBXRezBuildPhase section */

/* Begin PBXShellScriptBuildPhase section */
		675FAB3914D9B8760065603A /* ShellScript */ = {
			isa = PBXShellScriptBuildPhase;
			buildActionMask = 2147483647;
			files = (
			);
			inputPaths = (
			);
			outputPaths = (
			);
			runOnlyForDeploymentPostprocessing = 0;
			shellPath = /bin/sh;
			shellScript = "# Run the unit tests in this test bundle.\n\"${SYSTEM_DEVELOPER_DIR}/Tools/RunUnitTests\"\n";
		};
/* End PBXShellScriptBuildPhase section */

/* Begin PBXSourcesBuildPhase section */
		235DC64614EFB3C800D28657 /* Sources */ = {
			isa = PBXSourcesBuildPhase;
			buildActionMask = 2147483647;
			files = (
				235DC65814EFB3C800D28657 /* main.c in Sources */,
				235DC65A14EFB3C800D28657 /* GetMetadataForFile.m in Sources */,
				235DC65D14EFB3C800D28657 /* MySpotlightImporter.m in Sources */,
				6749F2C814F2F1C4007AB6C4 /* ZipArchive.mm in Sources */,
				6749F2CA14F2F1EE007AB6C4 /* ioapi.c in Sources */,
				6749F2CB14F2F1F2007AB6C4 /* mztools.c in Sources */,
				6749F2CC14F2F1F5007AB6C4 /* unzip.c in Sources */,
				6749F2CD14F2F206007AB6C4 /* zip.c in Sources */,
				6749F2CE14F2F21A007AB6C4 /* JTPepub.m in Sources */,
				6749F2CF14F2F247007AB6C4 /* GDataXMLNode.m in Sources */,
			);
			runOnlyForDeploymentPostprocessing = 0;
		};
		675FAB3614D9B8760065603A /* Sources */ = {
			isa = PBXSourcesBuildPhase;
			buildActionMask = 2147483647;
			files = (
				675FAB4C14D9B8760065603A /* EpubTests.m in Sources */,
				675FAB5814D9BF390065603A /* ZipArchive.mm in Sources */,
				675FAB5914D9BF690065603A /* ioapi.c in Sources */,
				675FAB5A14D9BF6C0065603A /* mztools.c in Sources */,
				675FAB5B14D9BF740065603A /* unzip.c in Sources */,
				675FAB5C14D9BF780065603A /* zip.c in Sources */,
				675FAB5414D9BEEF0065603A /* JTPepub.m in Sources */,
				675FAB5614D9BEFE0065603A /* NSArray+HTML.m in Sources */,
				675FAB5714D9BF030065603A /* NSString+HTML.m in Sources */,
				675FAB5514D9BEFB0065603A /* GDataXMLNode.m in Sources */,
				67E3077514E9A24A0004C1D8 /* NSDate+OPF.m in Sources */,
			);
			runOnlyForDeploymentPostprocessing = 0;
		};
		D78388451354890700E7937B /* Sources */ = {
			isa = PBXSourcesBuildPhase;
			buildActionMask = 2147483647;
			files = (
				D783885E1354890700E7937B /* GenerateThumbnailForURL.m in Sources */,
				D78388601354890700E7937B /* GeneratePreviewForURL.m in Sources */,
				D78388621354890700E7937B /* main.c in Sources */,
				D783887F1354891800E7937B /* ZipArchive.mm in Sources */,
				D783889C1354AA7600E7937B /* ioapi.c in Sources */,
				D783889E1354AA7600E7937B /* mztools.c in Sources */,
				D78388A01354AA7600E7937B /* unzip.c in Sources */,
				D78388A21354AA7600E7937B /* zip.c in Sources */,
				D78BA76F1360A90A000EB558 /* JTPepub.m in Sources */,
				674D09CC14CF297E00127A36 /* NSArray+HTML.m in Sources */,
				674D09D114CF2C6800127A36 /* NSString+HTML.m in Sources */,
				D76675C214CECD50003850E7 /* GDataXMLNode.m in Sources */,
				67E3077414E9A24A0004C1D8 /* NSDate+OPF.m in Sources */,
			);
			runOnlyForDeploymentPostprocessing = 0;
		};
/* End PBXSourcesBuildPhase section */

/* Begin PBXVariantGroup section */
		235DC65414EFB3C800D28657 /* InfoPlist.strings */ = {
			isa = PBXVariantGroup;
			children = (
				235DC65514EFB3C800D28657 /* en */,
			);
			name = InfoPlist.strings;
			sourceTree = "<group>";
		};
		D749582614DD82360048D619 /* Localizable.strings */ = {
			isa = PBXVariantGroup;
			children = (
				D749582514DD82360048D619 /* en */,
			);
			name = Localizable.strings;
			sourceTree = "<group>";
		};
		D78388591354890700E7937B /* InfoPlist.strings */ = {
			isa = PBXVariantGroup;
			children = (
				D783885A1354890700E7937B /* en */,
			);
			name = InfoPlist.strings;
			sourceTree = "<group>";
		};
/* End PBXVariantGroup section */

/* Begin XCBuildConfiguration section */
		235DC66014EFB3C800D28657 /* Debug */ = {
			isa = XCBuildConfiguration;
			buildSettings = {
				ALWAYS_SEARCH_USER_PATHS = YES;
				COPY_PHASE_STRIP = NO;
				GCC_DYNAMIC_NO_PIC = NO;
				GCC_ENABLE_OBJC_EXCEPTIONS = YES;
				GCC_PRECOMPILE_PREFIX_HEADER = YES;
				GCC_PREFIX_HEADER = "epubMDI/epubMDI-Prefix.pch";
				GCC_PREPROCESSOR_DEFINITIONS = (
					"DEBUG=1",
					"$(inherited)",
				);
				GCC_WARN_UNINITIALIZED_AUTOS = YES;
				INFOPLIST_FILE = "epubMDI/epubMDI-Info.plist";
				INSTALL_PATH = "@executable_path/../Contents/Library/Spotlight";
				LIBRARY_STYLE = BUNDLE;
				MACOSX_DEPLOYMENT_TARGET = 10.7;
				PRODUCT_NAME = epub;
				SKIP_INSTALL = YES;
				USER_HEADER_SEARCH_PATHS = /usr/include/libxml2;
				WRAPPER_EXTENSION = mdimporter;
			};
			name = Debug;
		};
		235DC66114EFB3C800D28657 /* Release */ = {
			isa = XCBuildConfiguration;
			buildSettings = {
				ALWAYS_SEARCH_USER_PATHS = YES;
				COPY_PHASE_STRIP = YES;
				DEBUG_INFORMATION_FORMAT = "dwarf-with-dsym";
				GCC_ENABLE_OBJC_EXCEPTIONS = YES;
				GCC_PRECOMPILE_PREFIX_HEADER = YES;
				GCC_PREFIX_HEADER = "epubMDI/epubMDI-Prefix.pch";
				GCC_WARN_UNINITIALIZED_AUTOS = YES;
				INFOPLIST_FILE = "epubMDI/epubMDI-Info.plist";
				INSTALL_PATH = "@executable_path/../Contents/Library/Spotlight";
				LIBRARY_STYLE = BUNDLE;
				MACOSX_DEPLOYMENT_TARGET = 10.7;
				PRODUCT_NAME = epub;
				SKIP_INSTALL = YES;
				USER_HEADER_SEARCH_PATHS = /usr/include/libxml2;
				WRAPPER_EXTENSION = mdimporter;
			};
			name = Release;
		};
		675FAB4E14D9B8760065603A /* Debug */ = {
			isa = XCBuildConfiguration;
			buildSettings = {
				ALWAYS_SEARCH_USER_PATHS = YES;
				COPY_PHASE_STRIP = NO;
				FRAMEWORK_SEARCH_PATHS = "$(DEVELOPER_LIBRARY_DIR)/Frameworks";
				GCC_DYNAMIC_NO_PIC = NO;
				GCC_ENABLE_OBJC_EXCEPTIONS = YES;
				GCC_PRECOMPILE_PREFIX_HEADER = YES;
				GCC_PREFIX_HEADER = "EpubTests/EpubTests-Prefix.pch";
				GCC_PREPROCESSOR_DEFINITIONS = (
					"DEBUG=1",
					"$(inherited)",
				);
				GCC_WARN_ABOUT_MISSING_PROTOTYPES = YES;
				INFOPLIST_FILE = "EpubTests/EpubTests-Info.plist";
				MACOSX_DEPLOYMENT_TARGET = 10.7;
				PRODUCT_NAME = "$(TARGET_NAME)";
				USER_HEADER_SEARCH_PATHS = /usr/include/libxml2;
				WRAPPER_EXTENSION = octest;
			};
			name = Debug;
		};
		675FAB4F14D9B8760065603A /* Release */ = {
			isa = XCBuildConfiguration;
			buildSettings = {
				ALWAYS_SEARCH_USER_PATHS = YES;
				COPY_PHASE_STRIP = YES;
				DEBUG_INFORMATION_FORMAT = "dwarf-with-dsym";
				FRAMEWORK_SEARCH_PATHS = "$(DEVELOPER_LIBRARY_DIR)/Frameworks";
				GCC_ENABLE_OBJC_EXCEPTIONS = YES;
				GCC_PRECOMPILE_PREFIX_HEADER = YES;
				GCC_PREFIX_HEADER = "EpubTests/EpubTests-Prefix.pch";
				GCC_WARN_ABOUT_MISSING_PROTOTYPES = YES;
				INFOPLIST_FILE = "EpubTests/EpubTests-Info.plist";
				MACOSX_DEPLOYMENT_TARGET = 10.7;
				PRODUCT_NAME = "$(TARGET_NAME)";
				USER_HEADER_SEARCH_PATHS = /usr/include/libxml2;
				WRAPPER_EXTENSION = octest;
			};
			name = Release;
		};
		D78388631354890700E7937B /* Debug */ = {
			isa = XCBuildConfiguration;
			buildSettings = {
				ARCHS = "$(ARCHS_STANDARD_64_BIT)";
				GCC_C_LANGUAGE_STANDARD = gnu99;
				GCC_OPTIMIZATION_LEVEL = 0;
				GCC_PREPROCESSOR_DEFINITIONS = DEBUG;
				GCC_SYMBOLS_PRIVATE_EXTERN = NO;
				GCC_VERSION = com.apple.compilers.llvm.clang.1_0;
				GCC_WARN_64_TO_32_BIT_CONVERSION = YES;
				GCC_WARN_ABOUT_RETURN_TYPE = YES;
				GCC_WARN_UNUSED_VARIABLE = YES;
				MACOSX_DEPLOYMENT_TARGET = 10.6;
				ONLY_ACTIVE_ARCH = YES;
				SDKROOT = macosx;
				VALID_ARCHS = x86_64;
			};
			name = Debug;
		};
		D78388641354890700E7937B /* Release */ = {
			isa = XCBuildConfiguration;
			buildSettings = {
				ARCHS = "$(ARCHS_STANDARD_64_BIT)";
				GCC_C_LANGUAGE_STANDARD = gnu99;
				GCC_VERSION = com.apple.compilers.llvm.clang.1_0;
				GCC_WARN_64_TO_32_BIT_CONVERSION = YES;
				GCC_WARN_ABOUT_RETURN_TYPE = YES;
				GCC_WARN_UNUSED_VARIABLE = YES;
				MACOSX_DEPLOYMENT_TARGET = 10.6;
				SDKROOT = macosx;
				VALID_ARCHS = x86_64;
			};
			name = Release;
		};
		D78388661354890700E7937B /* Debug */ = {
			isa = XCBuildConfiguration;
			buildSettings = {
				ALWAYS_SEARCH_USER_PATHS = YES;
				COPY_PHASE_STRIP = NO;
				GCC_DYNAMIC_NO_PIC = NO;
				GCC_ENABLE_OBJC_EXCEPTIONS = YES;
				GCC_PRECOMPILE_PREFIX_HEADER = YES;
				GCC_PREFIX_HEADER = "epubQL/epub-Prefix.pch";
				INFOPLIST_FILE = "epubQL/epub-Info.plist";
				INSTALL_PATH = /Library/QuickLook;
				PRODUCT_NAME = epub;
				USER_HEADER_SEARCH_PATHS = /usr/include/libxml2;
				VALID_ARCHS = x86_64;
				WRAPPER_EXTENSION = qlgenerator;
			};
			name = Debug;
		};
		D78388671354890700E7937B /* Release */ = {
			isa = XCBuildConfiguration;
			buildSettings = {
				ALWAYS_SEARCH_USER_PATHS = YES;
				COPY_PHASE_STRIP = YES;
				DEBUG_INFORMATION_FORMAT = "dwarf-with-dsym";
				GCC_ENABLE_OBJC_EXCEPTIONS = YES;
				GCC_PRECOMPILE_PREFIX_HEADER = YES;
				GCC_PREFIX_HEADER = "epubQL/epub-Prefix.pch";
				INFOPLIST_FILE = "epubQL/epub-Info.plist";
				INSTALL_PATH = /Library/QuickLook;
				PRODUCT_NAME = epub;
				USER_HEADER_SEARCH_PATHS = /usr/include/libxml2;
				VALID_ARCHS = x86_64;
				WRAPPER_EXTENSION = qlgenerator;
			};
			name = Release;
		};
/* End XCBuildConfiguration section */

/* Begin XCConfigurationList section */
		235DC66214EFB3C800D28657 /* Build configuration list for PBXNativeTarget "epubMDI" */ = {
			isa = XCConfigurationList;
			buildConfigurations = (
				235DC66014EFB3C800D28657 /* Debug */,
				235DC66114EFB3C800D28657 /* Release */,
			);
			defaultConfigurationIsVisible = 0;
			defaultConfigurationName = Release;
		};
		675FAB5014D9B8760065603A /* Build configuration list for PBXNativeTarget "EpubTests" */ = {
			isa = XCConfigurationList;
			buildConfigurations = (
				675FAB4E14D9B8760065603A /* Debug */,
				675FAB4F14D9B8760065603A /* Release */,
			);
			defaultConfigurationIsVisible = 0;
			defaultConfigurationName = Release;
		};
		D78388431354890700E7937B /* Build configuration list for PBXProject "epub" */ = {
			isa = XCConfigurationList;
			buildConfigurations = (
				D78388631354890700E7937B /* Debug */,
				D78388641354890700E7937B /* Release */,
			);
			defaultConfigurationIsVisible = 0;
			defaultConfigurationName = Release;
		};
		D78388651354890700E7937B /* Build configuration list for PBXNativeTarget "epubQL" */ = {
			isa = XCConfigurationList;
			buildConfigurations = (
				D78388661354890700E7937B /* Debug */,
				D78388671354890700E7937B /* Release */,
			);
			defaultConfigurationIsVisible = 0;
			defaultConfigurationName = Release;
		};
/* End XCConfigurationList section */
	};
	rootObject = D78388401354890700E7937B /* Project object */;
}
